
Microsoft Visual Studio Solution File, Format Version 12.00
# Visual Studio 15
VisualStudioVersion = 15.0.26730.16
MinimumVisualStudioVersion = 10.0.40219.1
Project("{FAE04EC0-301F-11D3-BF4B-00C04F79EFBC}") = "FileTransfer", "FileTransfer\FileTransfer.csproj", "{8280D845-C822-486E-B0FE-1E290E68A2BE}"
EndProject
Global
	GlobalSection(SolutionConfigurationPlatforms) = preSolution
		Debug|Any CPU = Debug|Any CPU
		Release|Any CPU = Release|Any CPU
	EndGlobalSection
	GlobalSection(ProjectConfigurationPlatforms) = postSolution
		{8280D845-C822-486E-B0FE-1E290E68A2BE}.Debug|Any CPU.ActiveCfg = Debug|Any CPU
		{8280D845-C822-486E-B0FE-1E290E68A2BE}.Debug|Any CPU.Build.0 = Debug|Any CPU
		{8280D845-C822-486E-B0FE-1E290E68A2BE}.Release|Any CPU.ActiveCfg = Release|Any CPU
		{8280D845-C822-486E-B0FE-1E290E68A2BE}.Release|Any CPU.Build.0 = Release|Any CPU
	EndGlobalSection
	GlobalSection(SolutionProperties) = preSolution
		HideSolutionNode = FALSE
	EndGlobalSection
	GlobalSection(ExtensibilityGlobals) = postSolution
		SolutionGuid = {D1ADE60A-4C7C-4CDB-B45F-F16A84908626}
	EndGlobalSection
EndGlobal
